
Microsoft Visual Studio Solution File, Format Version 12.00
# Visual Studio 15
VisualStudioVersion = 15.0.27703.2000
MinimumVisualStudioVersion = 10.0.40219.1
Project("{FAE04EC0-301F-11D3-BF4B-00C04F79EFBC}") = "RazorPagesMovie", "RazorPagesMovie\RazorPagesMovie.csproj", "{3FB82E5A-2515-4350-BC74-B3B48A6256BA}"
EndProject
Global
	GlobalSection(SolutionConfigurationPlatforms) = preSolution
		Debug|Any CPU = Debug|Any CPU
		Release|Any CPU = Release|Any CPU
	EndGlobalSection
	GlobalSection(ProjectConfigurationPlatforms) = postSolution
		{3FB82E5A-2515-4350-BC74-B3B48A6256BA}.Debug|Any CPU.ActiveCfg = Debug|Any CPU
		{3FB82E5A-2515-4350-BC74-B3B48A6256BA}.Debug|Any CPU.Build.0 = Debug|Any CPU
		{3FB82E5A-2515-4350-BC74-B3B48A6256BA}.Release|Any CPU.ActiveCfg = Release|Any CPU
		{3FB82E5A-2515-4350-BC74-B3B48A6256BA}.Release|Any CPU.Build.0 = Release|Any CPU
	EndGlobalSection
	GlobalSection(SolutionProperties) = preSolution
		HideSolutionNode = FALSE
	EndGlobalSection
	GlobalSection(ExtensibilityGlobals) = postSolution
		SolutionGuid = {D592D4E5-878E-44A2-938E-D5B1312A7B87}
	EndGlobalSection
EndGlobal
